
Microsoft Visual Studio Solution File, Format Version 11.00
# Visual Studio 2010
Project("{FAE04EC0-301F-11D3-BF4B-00C04F79EFBC}") = "DEV-9", "DEV-9\DEV-9.csproj", "{F060E320-343D-4166-87F6-01621C53860E}"
EndProject
Global
	GlobalSection(SolutionConfigurationPlatforms) = preSolution
		Debug|x86 = Debug|x86
		Release|x86 = Release|x86
	EndGlobalSection
	GlobalSection(ProjectConfigurationPlatforms) = postSolution
		{F060E320-343D-4166-87F6-01621C53860E}.Debug|x86.ActiveCfg = Debug|x86
		{F060E320-343D-4166-87F6-01621C53860E}.Debug|x86.Build.0 = Debug|x86
		{F060E320-343D-4166-87F6-01621C53860E}.Release|x86.ActiveCfg = Release|x86
		{F060E320-343D-4166-87F6-01621C53860E}.Release|x86.Build.0 = Release|x86
	EndGlobalSection
	GlobalSection(SolutionProperties) = preSolution
		HideSolutionNode = FALSE
	EndGlobalSection
EndGlobal
